// !$*UTF8*$!
{
	archiveVersion = 1;
	classes = {
	};
	objectVersion = 46;
	objects = {

/* Begin PBXBuildFile section */
		867E96D51C970C2700A0C73B /* Vehicle.swift in Sources */ = {isa = PBXBuildFile; fileRef = 867E96D41C970C2700A0C73B /* Vehicle.swift */; };
		867E96D71C970CE200A0C73B /* Bicycle.swift in Sources */ = {isa = PBXBuildFile; fileRef = 867E96D61C970CE200A0C73B /* Bicycle.swift */; };
		867E96DB1C970D6100A0C73B /* InheritanceViewController.swift in Sources */ = {isa = PBXBuildFile; fileRef = 867E96DA1C970D6100A0C73B /* InheritanceViewController.swift */; };
		86E2EBB01C965C8400F183A9 /* AppDelegate.swift in Sources */ = {isa = PBXBuildFile; fileRef = 86E2EBAF1C965C8400F183A9 /* AppDelegate.swift */; };
		86E2EBB51C965C8400F183A9 /* Main.storyboard in Resources */ = {isa = PBXBuildFile; fileRef = 86E2EBB31C965C8400F183A9 /* Main.storyboard */; };
		86E2EBB71C965C8400F183A9 /* Assets.xcassets in Resources */ = {isa = PBXBuildFile; fileRef = 86E2EBB61C965C8400F183A9 /* Assets.xcassets */; };
		86E2EBBA1C965C8400F183A9 /* LaunchScreen.storyboard in Resources */ = {isa = PBXBuildFile; fileRef = 86E2EBB81C965C8400F183A9 /* LaunchScreen.storyboard */; };
		86E2EBC21C965CB400F183A9 /* SubscriptViewController.swift in Sources */ = {isa = PBXBuildFile; fileRef = 86E2EBC11C965CB400F183A9 /* SubscriptViewController.swift */; };
		86E2EBC41C965CFF00F183A9 /* RootViewController.swift in Sources */ = {isa = PBXBuildFile; fileRef = 86E2EBC31C965CFF00F183A9 /* RootViewController.swift */; };
		86ECCB201C97E104008A6D58 /* AutomaticCar.swift in Sources */ = {isa = PBXBuildFile; fileRef = 86ECCB1F1C97E104008A6D58 /* AutomaticCar.swift */; };
/* End PBXBuildFile section */

/* Begin PBXFileReference section */
		867E96D41C970C2700A0C73B /* Vehicle.swift */ = {isa = PBXFileReference; fileEncoding = 4; lastKnownFileType = sourcecode.swift; path = Vehicle.swift; sourceTree = "<group>"; };
		867E96D61C970CE200A0C73B /* Bicycle.swift */ = {isa = PBXFileReference; fileEncoding = 4; lastKnownFileType = sourcecode.swift; path = Bicycle.swift; sourceTree = "<group>"; };
		867E96DA1C970D6100A0C73B /* InheritanceViewController.swift */ = {isa = PBXFileReference; fileEncoding = 4; lastKnownFileType = sourcecode.swift; path = InheritanceViewController.swift; sourceTree = "<group>"; };
		86E2EBAC1C965C8400F183A9 /* SwiftLearning.app */ = {isa = PBXFileReference; explicitFileType = wrapper.application; includeInIndex = 0; path = SwiftLearning.app; sourceTree = BUILT_PRODUCTS_DIR; };
		86E2EBAF1C965C8400F183A9 /* AppDelegate.swift */ = {isa = PBXFileReference; lastKnownFileType = sourcecode.swift; path = AppDelegate.swift; sourceTree = "<group>"; };
		86E2EBB41C965C8400F183A9 /* Base */ = {isa = PBXFileReference; lastKnownFileType = file.storyboard; name = Base; path = Base.lproj/Main.storyboard; sourceTree = "<group>"; };
		86E2EBB61C965C8400F183A9 /* Assets.xcassets */ = {isa = PBXFileReference; lastKnownFileType = folder.assetcatalog; path = Assets.xcassets; sourceTree = "<group>"; };
		86E2EBB91C965C8400F183A9 /* Base */ = {isa = PBXFileReference; lastKnownFileType = file.storyboard; name = Base; path = Base.lproj/LaunchScreen.storyboard; sourceTree = "<group>"; };
		86E2EBBB1C965C8400F183A9 /* Info.plist */ = {isa = PBXFileReference; lastKnownFileType = text.plist.xml; path = Info.plist; sourceTree = "<group>"; };
		86E2EBC11C965CB400F183A9 /* SubscriptViewController.swift */ = {isa = PBXFileReference; fileEncoding = 4; lastKnownFileType = sourcecode.swift; path = SubscriptViewController.swift; sourceTree = "<group>"; };
		86E2EBC31C965CFF00F183A9 /* RootViewController.swift */ = {isa = PBXFileReference; fileEncoding = 4; lastKnownFileType = sourcecode.swift; path = RootViewController.swift; sourceTree = "<group>"; };
		86ECCB1F1C97E104008A6D58 /* AutomaticCar.swift */ = {isa = PBXFileReference; fileEncoding = 4; lastKnownFileType = sourcecode.swift; path = AutomaticCar.swift; sourceTree = "<group>"; };
/* End PBXFileReference section */

/* Begin PBXFrameworksBuildPhase section */
		86E2EBA91C965C8400F183A9 /* Frameworks */ = {
			isa = PBXFrameworksBuildPhase;
			buildActionMask = 2147483647;
			files = (
			);
			runOnlyForDeploymentPostprocessing = 0;
		};
/* End PBXFrameworksBuildPhase section */

/* Begin PBXGroup section */
		86E2EBA31C965C8400F183A9 = {
			isa = PBXGroup;
			children = (
				86ECCB1F1C97E104008A6D58 /* AutomaticCar.swift */,
				86E2EBAE1C965C8400F183A9 /* SwiftLearning */,
				86E2EBAD1C965C8400F183A9 /* Products */,
			);
			sourceTree = "<group>";
		};
		86E2EBAD1C965C8400F183A9 /* Products */ = {
			isa = PBXGroup;
			children = (
				86E2EBAC1C965C8400F183A9 /* SwiftLearning.app */,
			);
			name = Products;
			sourceTree = "<group>";
		};
		86E2EBAE1C965C8400F183A9 /* SwiftLearning */ = {
			isa = PBXGroup;
			children = (
				86E2EBAF1C965C8400F183A9 /* AppDelegate.swift */,
				86E2EBB31C965C8400F183A9 /* Main.storyboard */,
				86E2EBB61C965C8400F183A9 /* Assets.xcassets */,
				86E2EBB81C965C8400F183A9 /* LaunchScreen.storyboard */,
				86E2EBBB1C965C8400F183A9 /* Info.plist */,
				86E2EBC11C965CB400F183A9 /* SubscriptViewController.swift */,
				867E96DA1C970D6100A0C73B /* InheritanceViewController.swift */,
				86E2EBC31C965CFF00F183A9 /* RootViewController.swift */,
				867E96D41C970C2700A0C73B /* Vehicle.swift */,
				867E96D61C970CE200A0C73B /* Bicycle.swift */,
			);
			path = SwiftLearning;
			sourceTree = "<group>";
		};
/* End PBXGroup section */

/* Begin PBXNativeTarget section */
		86E2EBAB1C965C8400F183A9 /* SwiftLearning */ = {
			isa = PBXNativeTarget;
			buildConfigurationList = 86E2EBBE1C965C8400F183A9 /* Build configuration list for PBXNativeTarget "SwiftLearning" */;
			buildPhases = (
				86E2EBA81C965C8400F183A9 /* Sources */,
				86E2EBA91C965C8400F183A9 /* Frameworks */,
				86E2EBAA1C965C8400F183A9 /* Resources */,
				864AC3C11CB8A6F00020E568 /* ShellScript */,
			);
			buildRules = (
			);
			dependencies = (
			);
			name = SwiftLearning;
			productName = SwiftLearning;
			productReference = 86E2EBAC1C965C8400F183A9 /* SwiftLearning.app */;
			productType = "com.apple.product-type.application";
		};
/* End PBXNativeTarget section */

/* Begin PBXProject section */
		86E2EBA41C965C8400F183A9 /* Project object */ = {
			isa = PBXProject;
			attributes = {
				LastSwiftUpdateCheck = 0720;
				LastUpgradeCheck = 0720;
				ORGANIZATIONNAME = ZouLiangming;
				TargetAttributes = {
					86E2EBAB1C965C8400F183A9 = {
						CreatedOnToolsVersion = 7.2.1;
					};
				};
			};
			buildConfigurationList = 86E2EBA71C965C8400F183A9 /* Build configuration list for PBXProject "SwiftLearning" */;
			compatibilityVersion = "Xcode 3.2";
			developmentRegion = English;
			hasScannedForEncodings = 0;
			knownRegions = (
				en,
				Base,
			);
			mainGroup = 86E2EBA31C965C8400F183A9;
			productRefGroup = 86E2EBAD1C965C8400F183A9 /* Products */;
			projectDirPath = "";
			projectRoot = "";
			targets = (
				86E2EBAB1C965C8400F183A9 /* SwiftLearning */,
			);
		};
/* End PBXProject section */

/* Begin PBXResourcesBuildPhase section */
		86E2EBAA1C965C8400F183A9 /* Resources */ = {
			isa = PBXResourcesBuildPhase;
			buildActionMask = 2147483647;
			files = (
				86E2EBBA1C965C8400F183A9 /* LaunchScreen.storyboard in Resources */,
				86E2EBB71C965C8400F183A9 /* Assets.xcassets in Resources */,
				86E2EBB51C965C8400F183A9 /* Main.storyboard in Resources */,
			);
			runOnlyForDeploymentPostprocessing = 0;
		};
/* End PBXResourcesBuildPhase section */

/* Begin PBXShellScriptBuildPhase section */
		864AC3C11CB8A6F00020E568 /* ShellScript */ = {
			isa = PBXShellScriptBuildPhase;
			buildActionMask = 2147483647;
			files = (
			);
			inputPaths = (
			);
			outputPaths = (
			);
			runOnlyForDeploymentPostprocessing = 0;
			shellPath = /bin/sh;
			shellScript = "if which swiftlint >/dev/null;\nthen\nswiftlint\n#cd Teambition&&swiftlint\nelse\necho \"SwiftLint does not exist, download from https://github.com/realm/SwiftLint\"\nfi";
		};
/* End PBXShellScriptBuildPhase section */

/* Begin PBXSourcesBuildPhase section */
		86E2EBA81C965C8400F183A9 /* Sources */ = {
			isa = PBXSourcesBuildPhase;
			buildActionMask = 2147483647;
			files = (
				867E96D51C970C2700A0C73B /* Vehicle.swift in Sources */,
				867E96DB1C970D6100A0C73B /* InheritanceViewController.swift in Sources */,
				86E2EBB01C965C8400F183A9 /* AppDelegate.swift in Sources */,
				867E96D71C970CE200A0C73B /* Bicycle.swift in Sources */,
				86E2EBC41C965CFF00F183A9 /* RootViewController.swift in Sources */,
				86ECCB201C97E104008A6D58 /* AutomaticCar.swift in Sources */,
				86E2EBC21C965CB400F183A9 /* SubscriptViewController.swift in Sources */,
			);
			runOnlyForDeploymentPostprocessing = 0;
		};
/* End PBXSourcesBuildPhase section */

/* Begin PBXVariantGroup section */
		86E2EBB31C965C8400F183A9 /* Main.storyboard */ = {
			isa = PBXVariantGroup;
			children = (
				86E2EBB41C965C8400F183A9 /* Base */,
			);
			name = Main.storyboard;
			sourceTree = "<group>";
		};
		86E2EBB81C965C8400F183A9 /* LaunchScreen.storyboard */ = {
			isa = PBXVariantGroup;
			children = (
				86E2EBB91C965C8400F183A9 /* Base */,
			);
			name = LaunchScreen.storyboard;
			sourceTree = "<group>";
		};
/* End PBXVariantGroup section */

/* Begin XCBuildConfiguration section */
		86E2EBBC1C965C8400F183A9 /* Debug */ = {
			isa = XCBuildConfiguration;
			buildSettings = {
				ALWAYS_SEARCH_USER_PATHS = NO;
				CLANG_CXX_LANGUAGE_STANDARD = "gnu++0x";
				CLANG_CXX_LIBRARY = "libc++";
				CLANG_ENABLE_MODULES = YES;
				CLANG_ENABLE_OBJC_ARC = YES;
				CLANG_WARN_BOOL_CONVERSION = YES;
				CLANG_WARN_CONSTANT_CONVERSION = YES;
				CLANG_WARN_DIRECT_OBJC_ISA_USAGE = YES_ERROR;
				CLANG_WARN_EMPTY_BODY = YES;
				CLANG_WARN_ENUM_CONVERSION = YES;
				CLANG_WARN_INT_CONVERSION = YES;
				CLANG_WARN_OBJC_ROOT_CLASS = YES_ERROR;
				CLANG_WARN_UNREACHABLE_CODE = YES;
				CLANG_WARN__DUPLICATE_METHOD_MATCH = YES;
				"CODE_SIGN_IDENTITY[sdk=iphoneos*]" = "iPhone Developer";
				COPY_PHASE_STRIP = NO;
				DEBUG_INFORMATION_FORMAT = dwarf;
				ENABLE_STRICT_OBJC_MSGSEND = YES;
				ENABLE_TESTABILITY = YES;
				GCC_C_LANGUAGE_STANDARD = gnu99;
				GCC_DYNAMIC_NO_PIC = NO;
				GCC_NO_COMMON_BLOCKS = YES;
				GCC_OPTIMIZATION_LEVEL = 0;
				GCC_PREPROCESSOR_DEFINITIONS = (
					"DEBUG=1",
					"$(inherited)",
				);
				GCC_WARN_64_TO_32_BIT_CONVERSION = YES;
				GCC_WARN_ABOUT_RETURN_TYPE = YES_ERROR;
				GCC_WARN_UNDECLARED_SELECTOR = YES;
				GCC_WARN_UNINITIALIZED_AUTOS = YES_AGGRESSIVE;
				GCC_WARN_UNUSED_FUNCTION = YES;
				GCC_WARN_UNUSED_VARIABLE = YES;
				IPHONEOS_DEPLOYMENT_TARGET = 9.2;
				MTL_ENABLE_DEBUG_INFO = YES;
				ONLY_ACTIVE_ARCH = YES;
				SDKROOT = iphoneos;
				SWIFT_OPTIMIZATION_LEVEL = "-Onone";
			};
			name = Debug;
		};
		86E2EBBD1C965C8400F183A9 /* Release */ = {
			isa = XCBuildConfiguration;
			buildSettings = {
				ALWAYS_SEARCH_USER_PATHS = NO;
				CLANG_CXX_LANGUAGE_STANDARD = "gnu++0x";
				CLANG_CXX_LIBRARY = "libc++";
				CLANG_ENABLE_MODULES = YES;
				CLANG_ENABLE_OBJC_ARC = YES;
				CLANG_WARN_BOOL_CONVERSION = YES;
				CLANG_WARN_CONSTANT_CONVERSION = YES;
				CLANG_WARN_DIRECT_OBJC_ISA_USAGE = YES_ERROR;
				CLANG_WARN_EMPTY_BODY = YES;
				CLANG_WARN_ENUM_CONVERSION = YES;
				CLANG_WARN_INT_CONVERSION = YES;
				CLANG_WARN_OBJC_ROOT_CLASS = YES_ERROR;
				CLANG_WARN_UNREACHABLE_CODE = YES;
				CLANG_WARN__DUPLICATE_METHOD_MATCH = YES;
				"CODE_SIGN_IDENTITY[sdk=iphoneos*]" = "iPhone Developer";
				COPY_PHASE_STRIP = NO;
				DEBUG_INFORMATION_FORMAT = "dwarf-with-dsym";
				ENABLE_NS_ASSERTIONS = NO;
				ENABLE_STRICT_OBJC_MSGSEND = YES;
				GCC_C_LANGUAGE_STANDARD = gnu99;
				GCC_NO_COMMON_BLOCKS = YES;
				GCC_WARN_64_TO_32_BIT_CONVERSION = YES;
				GCC_WARN_ABOUT_RETURN_TYPE = YES_ERROR;
				GCC_WARN_UNDECLARED_SELECTOR = YES;
				GCC_WARN_UNINITIALIZED_AUTOS = YES_AGGRESSIVE;
				GCC_WARN_UNUSED_FUNCTION = YES;
				GCC_WARN_UNUSED_VARIABLE = YES;
				IPHONEOS_DEPLOYMENT_TARGET = 9.2;
				MTL_ENABLE_DEBUG_INFO = NO;
				SDKROOT = iphoneos;
				VALIDATE_PRODUCT = YES;
			};
			name = Release;
		};
		86E2EBBF1C965C8400F183A9 /* Debug */ = {
			isa = XCBuildConfiguration;
			buildSettings = {
				ASSETCATALOG_COMPILER_APPICON_NAME = AppIcon;
				INFOPLIST_FILE = SwiftLearning/Info.plist;
				LD_RUNPATH_SEARCH_PATHS = "$(inherited) @executable_path/Frameworks";
				PRODUCT_BUNDLE_IDENTIFIER = com.sean.SwiftLearning;
				PRODUCT_NAME = "$(TARGET_NAME)";
			};
			name = Debug;
		};
		86E2EBC01C965C8400F183A9 /* Release */ = {
			isa = XCBuildConfiguration;
			buildSettings = {
				ASSETCATALOG_COMPILER_APPICON_NAME = AppIcon;
				INFOPLIST_FILE = SwiftLearning/Info.plist;
				LD_RUNPATH_SEARCH_PATHS = "$(inherited) @executable_path/Frameworks";
				PRODUCT_BUNDLE_IDENTIFIER = com.sean.SwiftLearning;
				PRODUCT_NAME = "$(TARGET_NAME)";
			};
			name = Release;
		};
/* End XCBuildConfiguration section */

/* Begin XCConfigurationList section */
		86E2EBA71C965C8400F183A9 /* Build configuration list for PBXProject "SwiftLearning" */ = {
			isa = XCConfigurationList;
			buildConfigurations = (
				86E2EBBC1C965C8400F183A9 /* Debug */,
				86E2EBBD1C965C8400F183A9 /* Release */,
			);
			defaultConfigurationIsVisible = 0;
			defaultConfigurationName = Release;
		};
		86E2EBBE1C965C8400F183A9 /* Build configuration list for PBXNativeTarget "SwiftLearning" */ = {
			isa = XCConfigurationList;
			buildConfigurations = (
				86E2EBBF1C965C8400F183A9 /* Debug */,
				86E2EBC01C965C8400F183A9 /* Release */,
			);
			defaultConfigurationIsVisible = 0;
			defaultConfigurationName = Release;
		};
/* End XCConfigurationList section */
	};
	rootObject = 86E2EBA41C965C8400F183A9 /* Project object */;
}
